# This file was autogenerated by uv via the following command:
#    uv pip compile pyproject.toml -o requirements.lock
aiocron==1.8
    # via spyplane (pyproject.toml)
aiohappyeyeballs==2.6.1
    # via aiohttp
aiohttp==3.12.15
    # via
    #   spyplane (pyproject.toml)
    #   discord-py
aiosignal==1.4.0
    # via aiohttp
aiosqlite==0.21.0
    # via spyplane (pyproject.toml)
anyio==4.10.0
    # via httpx
attrs==25.3.0
    # via aiohttp
cachetools==5.5.2
    # via google-auth
certifi==2025.8.3
    # via
    #   httpcore
    #   httpx
    #   requests
charset-normalizer==3.4.3
    # via requests
croniter==6.0.0
    # via aiocron
discord-ext-prometheus==0.2.1
    # via spyplane (pyproject.toml)
discord-py==2.6.3
    # via
    #   spyplane (pyproject.toml)
    #   discord-ext-prometheus
frozenlist==1.7.0
    # via
    #   aiohttp
    #   aiosignal
google-auth==2.40.3
    # via
    #   google-auth-oauthlib
    #   gspread
google-auth-oauthlib==1.2.2
    # via gspread
gspread==5.12.4
    # via spyplane (pyproject.toml)
h11==0.16.0
    # via httpcore
httpcore==1.0.9
    # via httpx
httpx==0.28.1
    # via spyplane (pyproject.toml)
idna==3.10
    # via
    #   anyio
    #   httpx
    #   requests
    #   yarl
jq==1.10.0
    # via spyplane (pyproject.toml)
multidict==6.6.4
    # via
    #   aiohttp
    #   yarl
oauthlib==3.3.1
    # via requests-oauthlib
prometheus-client==0.22.1
    # via discord-ext-prometheus
propcache==0.3.2
    # via
    #   aiohttp
    #   yarl
pyasn1==0.6.1
    # via
    #   pyasn1-modules
    #   rsa
pyasn1-modules==0.4.2
    # via google-auth
python-dateutil==2.9.0.post0
    # via croniter
python-dotenv==0.21.1
    # via spyplane (pyproject.toml)
pytz==2022.7.1
    # via
    #   spyplane (pyproject.toml)
    #   croniter
requests==2.32.5
    # via requests-oauthlib
requests-oauthlib==2.0.0
    # via google-auth-oauthlib
rsa==4.9.1
    # via google-auth
six==1.17.0
    # via python-dateutil
sniffio==1.3.1
    # via anyio
typing-extensions==4.15.0
    # via
    #   aiosignal
    #   aiosqlite
    #   anyio
tzlocal==5.3.1
    # via aiocron
urllib3==2.5.0
    # via requests
yarl==1.20.1
    # via aiohttp
