# This file was autogenerated by uv via the following command:
#    uv export --format requirements.txt --no-dev --no-hashes --no-annotate --no-emit-project -o requirements.lock
aiocron==1.8
aiohappyeyeballs==2.6.1
aiohttp==3.12.15
aiosignal==1.4.0
aiosqlite==0.21.0
anyio==4.10.0
async-timeout==5.0.1 ; python_full_version < '3.11'
attrs==25.3.0
audioop-lts==0.2.2 ; python_full_version >= '3.13'
certifi==2025.8.3
cffi==2.0.0 ; implementation_name == 'pypy'
croniter==6.0.0
discord-ext-prometheus==0.2.1
discord-py==2.6.3
exceptiongroup==1.3.0 ; python_full_version < '3.11'
frozenlist==1.7.0
h11==0.16.0
httpcore==1.0.9
httpx==0.28.1
idna==3.10
jq==1.10.0
multidict==6.6.4
prometheus-client==0.22.1
propcache==0.3.2
pycparser==2.23 ; implementation_name == 'pypy'
python-dateutil==2.9.0.post0
python-dotenv==0.21.1
pytz==2022.7.1
pyzmq==27.1.0
simplejson==3.20.2
six==1.17.0
sniffio==1.3.1
typing-extensions==4.15.0
tzdata==2025.2 ; sys_platform == 'win32'
tzlocal==5.3.1
yarl==1.20.1
